// !$*UTF8*$!
{
	archiveVersion = 1;
	classes = {
	};
	objectVersion = 56;
	objects = {

/* Begin PBXBuildFile section */
		3FBC864D2AB6F30C00BC86A6 /* AppDelegate.swift in Sources */ = {isa = PBXBuildFile; fileRef = 3FBC864C2AB6F30C00BC86A6 /* AppDelegate.swift */; };
		3FBC864F2AB6F30C00BC86A6 /* SceneDelegate.swift in Sources */ = {isa = PBXBuildFile; fileRef = 3FBC864E2AB6F30C00BC86A6 /* SceneDelegate.swift */; };
		3FBC86512AB6F30C00BC86A6 /* ViewController.swift in Sources */ = {isa = PBXBuildFile; fileRef = 3FBC86502AB6F30C00BC86A6 /* ViewController.swift */; };
		3FBC86542AB6F30C00BC86A6 /* Main.storyboard in Resources */ = {isa = PBXBuildFile; fileRef = 3FBC86522AB6F30C00BC86A6 /* Main.storyboard */; };
		3FBC86562AB6F30D00BC86A6 /* Assets.xcassets in Resources */ = {isa = PBXBuildFile; fileRef = 3FBC86552AB6F30D00BC86A6 /* Assets.xcassets */; };
		3FBC86592AB6F30D00BC86A6 /* LaunchScreen.storyboard in Resources */ = {isa = PBXBuildFile; fileRef = 3FBC86572AB6F30D00BC86A6 /* LaunchScreen.storyboard */; };
		3FBC86642AB6F30D00BC86A6 /* weatherTests.swift in Sources */ = {isa = PBXBuildFile; fileRef = 3FBC86632AB6F30D00BC86A6 /* weatherTests.swift */; };
		3FBC866E2AB6F30D00BC86A6 /* weatherUITests.swift in Sources */ = {isa = PBXBuildFile; fileRef = 3FBC866D2AB6F30D00BC86A6 /* weatherUITests.swift */; };
		3FBC86702AB6F30D00BC86A6 /* weatherUITestsLaunchTests.swift in Sources */ = {isa = PBXBuildFile; fileRef = 3FBC866F2AB6F30D00BC86A6 /* weatherUITestsLaunchTests.swift */; };
/* End PBXBuildFile section */

/* Begin PBXContainerItemProxy section */
		3FBC86602AB6F30D00BC86A6 /* PBXContainerItemProxy */ = {
			isa = PBXContainerItemProxy;
			containerPortal = 3FBC86412AB6F30C00BC86A6 /* Project object */;
			proxyType = 1;
			remoteGlobalIDString = 3FBC86482AB6F30C00BC86A6;
			remoteInfo = weather;
		};
		3FBC866A2AB6F30D00BC86A6 /* PBXContainerItemProxy */ = {
			isa = PBXContainerItemProxy;
			containerPortal = 3FBC86412AB6F30C00BC86A6 /* Project object */;
			proxyType = 1;
			remoteGlobalIDString = 3FBC86482AB6F30C00BC86A6;
			remoteInfo = weather;
		};
/* End PBXContainerItemProxy section */

/* Begin PBXFileReference section */
		3FBC86492AB6F30C00BC86A6 /* weather.app */ = {isa = PBXFileReference; explicitFileType = wrapper.application; includeInIndex = 0; path = weather.app; sourceTree = BUILT_PRODUCTS_DIR; };
		3FBC864C2AB6F30C00BC86A6 /* AppDelegate.swift */ = {isa = PBXFileReference; lastKnownFileType = sourcecode.swift; path = AppDelegate.swift; sourceTree = "<group>"; };
		3FBC864E2AB6F30C00BC86A6 /* SceneDelegate.swift */ = {isa = PBXFileReference; lastKnownFileType = sourcecode.swift; path = SceneDelegate.swift; sourceTree = "<group>"; };
		3FBC86502AB6F30C00BC86A6 /* ViewController.swift */ = {isa = PBXFileReference; lastKnownFileType = sourcecode.swift; path = ViewController.swift; sourceTree = "<group>"; };
		3FBC86532AB6F30C00BC86A6 /* Base */ = {isa = PBXFileReference; lastKnownFileType = file.storyboard; name = Base; path = Base.lproj/Main.storyboard; sourceTree = "<group>"; };
		3FBC86552AB6F30D00BC86A6 /* Assets.xcassets */ = {isa = PBXFileReference; lastKnownFileType = folder.assetcatalog; path = Assets.xcassets; sourceTree = "<group>"; };
		3FBC86582AB6F30D00BC86A6 /* Base */ = {isa = PBXFileReference; lastKnownFileType = file.storyboard; name = Base; path = Base.lproj/LaunchScreen.storyboard; sourceTree = "<group>"; };
		3FBC865A2AB6F30D00BC86A6 /* Info.plist */ = {isa = PBXFileReference; lastKnownFileType = text.plist.xml; path = Info.plist; sourceTree = "<group>"; };
		3FBC865F2AB6F30D00BC86A6 /* weatherTests.xctest */ = {isa = PBXFileReference; explicitFileType = wrapper.cfbundle; includeInIndex = 0; path = weatherTests.xctest; sourceTree = BUILT_PRODUCTS_DIR; };
		3FBC86632AB6F30D00BC86A6 /* weatherTests.swift */ = {isa = PBXFileReference; lastKnownFileType = sourcecode.swift; path = weatherTests.swift; sourceTree = "<group>"; };
		3FBC86692AB6F30D00BC86A6 /* weatherUITests.xctest */ = {isa = PBXFileReference; explicitFileType = wrapper.cfbundle; includeInIndex = 0; path = weatherUITests.xctest; sourceTree = BUILT_PRODUCTS_DIR; };
		3FBC866D2AB6F30D00BC86A6 /* weatherUITests.swift */ = {isa = PBXFileReference; lastKnownFileType = sourcecode.swift; path = weatherUITests.swift; sourceTree = "<group>"; };
		3FBC866F2AB6F30D00BC86A6 /* weatherUITestsLaunchTests.swift */ = {isa = PBXFileReference; lastKnownFileType = sourcecode.swift; path = weatherUITestsLaunchTests.swift; sourceTree = "<group>"; };
/* End PBXFileReference section */

/* Begin PBXFrameworksBuildPhase section */
		3FBC86462AB6F30C00BC86A6 /* Frameworks */ = {
			isa = PBXFrameworksBuildPhase;
			buildActionMask = 2147483647;
			files = (
			);
			runOnlyForDeploymentPostprocessing = 0;
		};
		3FBC865C2AB6F30D00BC86A6 /* Frameworks */ = {
			isa = PBXFrameworksBuildPhase;
			buildActionMask = 2147483647;
			files = (
			);
			runOnlyForDeploymentPostprocessing = 0;
		};
		3FBC86662AB6F30D00BC86A6 /* Frameworks */ = {
			isa = PBXFrameworksBuildPhase;
			buildActionMask = 2147483647;
			files = (
			);
			runOnlyForDeploymentPostprocessing = 0;
		};
/* End PBXFrameworksBuildPhase section */

/* Begin PBXGroup section */
		3FBC86402AB6F30C00BC86A6 = {
			isa = PBXGroup;
			children = (
				3FBC864B2AB6F30C00BC86A6 /* weather */,
				3FBC86622AB6F30D00BC86A6 /* weatherTests */,
				3FBC866C2AB6F30D00BC86A6 /* weatherUITests */,
				3FBC864A2AB6F30C00BC86A6 /* Products */,
			);
			sourceTree = "<group>";
		};
		3FBC864A2AB6F30C00BC86A6 /* Products */ = {
			isa = PBXGroup;
			children = (
				3FBC86492AB6F30C00BC86A6 /* weather.app */,
				3FBC865F2AB6F30D00BC86A6 /* weatherTests.xctest */,
				3FBC86692AB6F30D00BC86A6 /* weatherUITests.xctest */,
			);
			name = Products;
			sourceTree = "<group>";
		};
		3FBC864B2AB6F30C00BC86A6 /* weather */ = {
			isa = PBXGroup;
			children = (
				3FBC864C2AB6F30C00BC86A6 /* AppDelegate.swift */,
				3FBC864E2AB6F30C00BC86A6 /* SceneDelegate.swift */,
				3FBC86502AB6F30C00BC86A6 /* ViewController.swift */,
				3FBC86522AB6F30C00BC86A6 /* Main.storyboard */,
				3FBC86552AB6F30D00BC86A6 /* Assets.xcassets */,
				3FBC86572AB6F30D00BC86A6 /* LaunchScreen.storyboard */,
				3FBC865A2AB6F30D00BC86A6 /* Info.plist */,
			);
			path = weather;
			sourceTree = "<group>";
		};
		3FBC86622AB6F30D00BC86A6 /* weatherTests */ = {
			isa = PBXGroup;
			children = (
				3FBC86632AB6F30D00BC86A6 /* weatherTests.swift */,
			);
			path = weatherTests;
			sourceTree = "<group>";
		};
		3FBC866C2AB6F30D00BC86A6 /* weatherUITests */ = {
			isa = PBXGroup;
			children = (
				3FBC866D2AB6F30D00BC86A6 /* weatherUITests.swift */,
				3FBC866F2AB6F30D00BC86A6 /* weatherUITestsLaunchTests.swift */,
			);
			path = weatherUITests;
			sourceTree = "<group>";
		};
/* End PBXGroup section */

/* Begin PBXNativeTarget section */
		3FBC86482AB6F30C00BC86A6 /* weather */ = {
			isa = PBXNativeTarget;
			buildConfigurationList = 3FBC86732AB6F30D00BC86A6 /* Build configuration list for PBXNativeTarget "weather" */;
			buildPhases = (
				3FBC86452AB6F30C00BC86A6 /* Sources */,
				3FBC86462AB6F30C00BC86A6 /* Frameworks */,
				3FBC86472AB6F30C00BC86A6 /* Resources */,
			);
			buildRules = (
			);
			dependencies = (
			);
			name = weather;
			productName = weather;
			productReference = 3FBC86492AB6F30C00BC86A6 /* weather.app */;
			productType = "com.apple.product-type.application";
		};
		3FBC865E2AB6F30D00BC86A6 /* weatherTests */ = {
			isa = PBXNativeTarget;
			buildConfigurationList = 3FBC86762AB6F30D00BC86A6 /* Build configuration list for PBXNativeTarget "weatherTests" */;
			buildPhases = (
				3FBC865B2AB6F30D00BC86A6 /* Sources */,
				3FBC865C2AB6F30D00BC86A6 /* Frameworks */,
				3FBC865D2AB6F30D00BC86A6 /* Resources */,
			);
			buildRules = (
			);
			dependencies = (
				3FBC86612AB6F30D00BC86A6 /* PBXTargetDependency */,
			);
			name = weatherTests;
			productName = weatherTests;
			productReference = 3FBC865F2AB6F30D00BC86A6 /* weatherTests.xctest */;
			productType = "com.apple.product-type.bundle.unit-test";
		};
		3FBC86682AB6F30D00BC86A6 /* weatherUITests */ = {
			isa = PBXNativeTarget;
			buildConfigurationList = 3FBC86792AB6F30D00BC86A6 /* Build configuration list for PBXNativeTarget "weatherUITests" */;
			buildPhases = (
				3FBC86652AB6F30D00BC86A6 /* Sources */,
				3FBC86662AB6F30D00BC86A6 /* Frameworks */,
				3FBC86672AB6F30D00BC86A6 /* Resources */,
			);
			buildRules = (
			);
			dependencies = (
				3FBC866B2AB6F30D00BC86A6 /* PBXTargetDependency */,
			);
			name = weatherUITests;
			productName = weatherUITests;
			productReference = 3FBC86692AB6F30D00BC86A6 /* weatherUITests.xctest */;
			productType = "com.apple.product-type.bundle.ui-testing";
		};
/* End PBXNativeTarget section */

/* Begin PBXProject section */
		3FBC86412AB6F30C00BC86A6 /* Project object */ = {
			isa = PBXProject;
			attributes = {
				BuildIndependentTargetsInParallel = 1;
				LastSwiftUpdateCheck = 1420;
				LastUpgradeCheck = 1420;
				TargetAttributes = {
					3FBC86482AB6F30C00BC86A6 = {
						CreatedOnToolsVersion = 14.2;
					};
					3FBC865E2AB6F30D00BC86A6 = {
						CreatedOnToolsVersion = 14.2;
						TestTargetID = 3FBC86482AB6F30C00BC86A6;
					};
					3FBC86682AB6F30D00BC86A6 = {
						CreatedOnToolsVersion = 14.2;
						TestTargetID = 3FBC86482AB6F30C00BC86A6;
					};
				};
			};
			buildConfigurationList = 3FBC86442AB6F30C00BC86A6 /* Build configuration list for PBXProject "weather" */;
			compatibilityVersion = "Xcode 14.0";
			developmentRegion = en;
			hasScannedForEncodings = 0;
			knownRegions = (
				en,
				Base,
			);
			mainGroup = 3FBC86402AB6F30C00BC86A6;
			productRefGroup = 3FBC864A2AB6F30C00BC86A6 /* Products */;
			projectDirPath = "";
			projectRoot = "";
			targets = (
				3FBC86482AB6F30C00BC86A6 /* weather */,
				3FBC865E2AB6F30D00BC86A6 /* weatherTests */,
				3FBC86682AB6F30D00BC86A6 /* weatherUITests */,
			);
		};
/* End PBXProject section */

/* Begin PBXResourcesBuildPhase section */
		3FBC86472AB6F30C00BC86A6 /* Resources */ = {
			isa = PBXResourcesBuildPhase;
			buildActionMask = 2147483647;
			files = (
				3FBC86592AB6F30D00BC86A6 /* LaunchScreen.storyboard in Resources */,
				3FBC86562AB6F30D00BC86A6 /* Assets.xcassets in Resources */,
				3FBC86542AB6F30C00BC86A6 /* Main.storyboard in Resources */,
			);
			runOnlyForDeploymentPostprocessing = 0;
		};
		3FBC865D2AB6F30D00BC86A6 /* Resources */ = {
			isa = PBXResourcesBuildPhase;
			buildActionMask = 2147483647;
			files = (
			);
			runOnlyForDeploymentPostprocessing = 0;
		};
		3FBC86672AB6F30D00BC86A6 /* Resources */ = {
			isa = PBXResourcesBuildPhase;
			buildActionMask = 2147483647;
			files = (
			);
			runOnlyForDeploymentPostprocessing = 0;
		};
/* End PBXResourcesBuildPhase section */

/* Begin PBXSourcesBuildPhase section */
		3FBC86452AB6F30C00BC86A6 /* Sources */ = {
			isa = PBXSourcesBuildPhase;
			buildActionMask = 2147483647;
			files = (
				3FBC86512AB6F30C00BC86A6 /* ViewController.swift in Sources */,
				3FBC864D2AB6F30C00BC86A6 /* AppDelegate.swift in Sources */,
				3FBC864F2AB6F30C00BC86A6 /* SceneDelegate.swift in Sources */,
			);
			runOnlyForDeploymentPostprocessing = 0;
		};
		3FBC865B2AB6F30D00BC86A6 /* Sources */ = {
			isa = PBXSourcesBuildPhase;
			buildActionMask = 2147483647;
			files = (
				3FBC86642AB6F30D00BC86A6 /* weatherTests.swift in Sources */,
			);
			runOnlyForDeploymentPostprocessing = 0;
		};
		3FBC86652AB6F30D00BC86A6 /* Sources */ = {
			isa = PBXSourcesBuildPhase;
			buildActionMask = 2147483647;
			files = (
				3FBC866E2AB6F30D00BC86A6 /* weatherUITests.swift in Sources */,
				3FBC86702AB6F30D00BC86A6 /* weatherUITestsLaunchTests.swift in Sources */,
			);
			runOnlyForDeploymentPostprocessing = 0;
		};
/* End PBXSourcesBuildPhase section */

/* Begin PBXTargetDependency section */
		3FBC86612AB6F30D00BC86A6 /* PBXTargetDependency */ = {
			isa = PBXTargetDependency;
			target = 3FBC86482AB6F30C00BC86A6 /* weather */;
			targetProxy = 3FBC86602AB6F30D00BC86A6 /* PBXContainerItemProxy */;
		};
		3FBC866B2AB6F30D00BC86A6 /* PBXTargetDependency */ = {
			isa = PBXTargetDependency;
			target = 3FBC86482AB6F30C00BC86A6 /* weather */;
			targetProxy = 3FBC866A2AB6F30D00BC86A6 /* PBXContainerItemProxy */;
		};
/* End PBXTargetDependency section */

/* Begin PBXVariantGroup section */
		3FBC86522AB6F30C00BC86A6 /* Main.storyboard */ = {
			isa = PBXVariantGroup;
			children = (
				3FBC86532AB6F30C00BC86A6 /* Base */,
			);
			name = Main.storyboard;
			sourceTree = "<group>";
		};
		3FBC86572AB6F30D00BC86A6 /* LaunchScreen.storyboard */ = {
			isa = PBXVariantGroup;
			children = (
				3FBC86582AB6F30D00BC86A6 /* Base */,
			);
			name = LaunchScreen.storyboard;
			sourceTree = "<group>";
		};
/* End PBXVariantGroup section */

/* Begin XCBuildConfiguration section */
		3FBC86712AB6F30D00BC86A6 /* Debug */ = {
			isa = XCBuildConfiguration;
			buildSettings = {
				ALWAYS_SEARCH_USER_PATHS = NO;
				CLANG_ANALYZER_NONNULL = YES;
				CLANG_ANALYZER_NUMBER_OBJECT_CONVERSION = YES_AGGRESSIVE;
				CLANG_CXX_LANGUAGE_STANDARD = "gnu++20";
				CLANG_ENABLE_MODULES = YES;
				CLANG_ENABLE_OBJC_ARC = YES;
				CLANG_ENABLE_OBJC_WEAK = YES;
				CLANG_WARN_BLOCK_CAPTURE_AUTORELEASING = YES;
				CLANG_WARN_BOOL_CONVERSION = YES;
				CLANG_WARN_COMMA = YES;
				CLANG_WARN_CONSTANT_CONVERSION = YES;
				CLANG_WARN_DEPRECATED_OBJC_IMPLEMENTATIONS = YES;
				CLANG_WARN_DIRECT_OBJC_ISA_USAGE = YES_ERROR;
				CLANG_WARN_DOCUMENTATION_COMMENTS = YES;
				CLANG_WARN_EMPTY_BODY = YES;
				CLANG_WARN_ENUM_CONVERSION = YES;
				CLANG_WARN_INFINITE_RECURSION = YES;
				CLANG_WARN_INT_CONVERSION = YES;
				CLANG_WARN_NON_LITERAL_NULL_CONVERSION = YES;
				CLANG_WARN_OBJC_IMPLICIT_RETAIN_SELF = YES;
				CLANG_WARN_OBJC_LITERAL_CONVERSION = YES;
				CLANG_WARN_OBJC_ROOT_CLASS = YES_ERROR;
				CLANG_WARN_QUOTED_INCLUDE_IN_FRAMEWORK_HEADER = YES;
				CLANG_WARN_RANGE_LOOP_ANALYSIS = YES;
				CLANG_WARN_STRICT_PROTOTYPES = YES;
				CLANG_WARN_SUSPICIOUS_MOVE = YES;
				CLANG_WARN_UNGUARDED_AVAILABILITY = YES_AGGRESSIVE;
				CLANG_WARN_UNREACHABLE_CODE = YES;
				CLANG_WARN__DUPLICATE_METHOD_MATCH = YES;
				COPY_PHASE_STRIP = NO;
				DEBUG_INFORMATION_FORMAT = dwarf;
				ENABLE_STRICT_OBJC_MSGSEND = YES;
				ENABLE_TESTABILITY = YES;
				GCC_C_LANGUAGE_STANDARD = gnu11;
				GCC_DYNAMIC_NO_PIC = NO;
				GCC_NO_COMMON_BLOCKS = YES;
				GCC_OPTIMIZATION_LEVEL = 0;
				GCC_PREPROCESSOR_DEFINITIONS = (
					"DEBUG=1",
					"$(inherited)",
				);
				GCC_WARN_64_TO_32_BIT_CONVERSION = YES;
				GCC_WARN_ABOUT_RETURN_TYPE = YES_ERROR;
				GCC_WARN_UNDECLARED_SELECTOR = YES;
				GCC_WARN_UNINITIALIZED_AUTOS = YES_AGGRESSIVE;
				GCC_WARN_UNUSED_FUNCTION = YES;
				GCC_WARN_UNUSED_VARIABLE = YES;
				IPHONEOS_DEPLOYMENT_TARGET = 16.2;
				MTL_ENABLE_DEBUG_INFO = INCLUDE_SOURCE;
				MTL_FAST_MATH = YES;
				ONLY_ACTIVE_ARCH = YES;
				SDKROOT = iphoneos;
				SWIFT_ACTIVE_COMPILATION_CONDITIONS = DEBUG;
				SWIFT_OPTIMIZATION_LEVEL = "-Onone";
			};
			name = Debug;
		};
		3FBC86722AB6F30D00BC86A6 /* Release */ = {
			isa = XCBuildConfiguration;
			buildSettings = {
				ALWAYS_SEARCH_USER_PATHS = NO;
				CLANG_ANALYZER_NONNULL = YES;
				CLANG_ANALYZER_NUMBER_OBJECT_CONVERSION = YES_AGGRESSIVE;
				CLANG_CXX_LANGUAGE_STANDARD = "gnu++20";
				CLANG_ENABLE_MODULES = YES;
				CLANG_ENABLE_OBJC_ARC = YES;
				CLANG_ENABLE_OBJC_WEAK = YES;
				CLANG_WARN_BLOCK_CAPTURE_AUTORELEASING = YES;
				CLANG_WARN_BOOL_CONVERSION = YES;
				CLANG_WARN_COMMA = YES;
				CLANG_WARN_CONSTANT_CONVERSION = YES;
				CLANG_WARN_DEPRECATED_OBJC_IMPLEMENTATIONS = YES;
				CLANG_WARN_DIRECT_OBJC_ISA_USAGE = YES_ERROR;
				CLANG_WARN_DOCUMENTATION_COMMENTS = YES;
				CLANG_WARN_EMPTY_BODY = YES;
				CLANG_WARN_ENUM_CONVERSION = YES;
				CLANG_WARN_INFINITE_RECURSION = YES;
				CLANG_WARN_INT_CONVERSION = YES;
				CLANG_WARN_NON_LITERAL_NULL_CONVERSION = YES;
				CLANG_WARN_OBJC_IMPLICIT_RETAIN_SELF = YES;
				CLANG_WARN_OBJC_LITERAL_CONVERSION = YES;
				CLANG_WARN_OBJC_ROOT_CLASS = YES_ERROR;
				CLANG_WARN_QUOTED_INCLUDE_IN_FRAMEWORK_HEADER = YES;
				CLANG_WARN_RANGE_LOOP_ANALYSIS = YES;
				CLANG_WARN_STRICT_PROTOTYPES = YES;
				CLANG_WARN_SUSPICIOUS_MOVE = YES;
				CLANG_WARN_UNGUARDED_AVAILABILITY = YES_AGGRESSIVE;
				CLANG_WARN_UNREACHABLE_CODE = YES;
				CLANG_WARN__DUPLICATE_METHOD_MATCH = YES;
				COPY_PHASE_STRIP = NO;
				DEBUG_INFORMATION_FORMAT = "dwarf-with-dsym";
				ENABLE_NS_ASSERTIONS = NO;
				ENABLE_STRICT_OBJC_MSGSEND = YES;
				GCC_C_LANGUAGE_STANDARD = gnu11;
				GCC_NO_COMMON_BLOCKS = YES;
				GCC_WARN_64_TO_32_BIT_CONVERSION = YES;
				GCC_WARN_ABOUT_RETURN_TYPE = YES_ERROR;
				GCC_WARN_UNDECLARED_SELECTOR = YES;
				GCC_WARN_UNINITIALIZED_AUTOS = YES_AGGRESSIVE;
				GCC_WARN_UNUSED_FUNCTION = YES;
				GCC_WARN_UNUSED_VARIABLE = YES;
				IPHONEOS_DEPLOYMENT_TARGET = 16.2;
				MTL_ENABLE_DEBUG_INFO = NO;
				MTL_FAST_MATH = YES;
				SDKROOT = iphoneos;
				SWIFT_COMPILATION_MODE = wholemodule;
				SWIFT_OPTIMIZATION_LEVEL = "-O";
				VALIDATE_PRODUCT = YES;
			};
			name = Release;
		};
		3FBC86742AB6F30D00BC86A6 /* Debug */ = {
			isa = XCBuildConfiguration;
			buildSettings = {
				ASSETCATALOG_COMPILER_APPICON_NAME = AppIcon;
				ASSETCATALOG_COMPILER_GLOBAL_ACCENT_COLOR_NAME = AccentColor;
				CODE_SIGN_STYLE = Automatic;
				CURRENT_PROJECT_VERSION = 1;
				DEVELOPMENT_TEAM = KT22AUQWMB;
				GENERATE_INFOPLIST_FILE = YES;
				INFOPLIST_FILE = weather/Info.plist;
				INFOPLIST_KEY_UIApplicationSupportsIndirectInputEvents = YES;
				INFOPLIST_KEY_UILaunchStoryboardName = LaunchScreen;
				INFOPLIST_KEY_UIMainStoryboardFile = Main;
				INFOPLIST_KEY_UISupportedInterfaceOrientations_iPad = "UIInterfaceOrientationPortrait UIInterfaceOrientationPortraitUpsideDown UIInterfaceOrientationLandscapeLeft UIInterfaceOrientationLandscapeRight";
				INFOPLIST_KEY_UISupportedInterfaceOrientations_iPhone = "UIInterfaceOrientationPortrait UIInterfaceOrientationLandscapeLeft UIInterfaceOrientationLandscapeRight";
				LD_RUNPATH_SEARCH_PATHS = (
					"$(inherited)",
					"@executable_path/Frameworks",
				);
				MARKETING_VERSION = 1.0;
				PRODUCT_BUNDLE_IDENTIFIER = "-23.weather";
				PRODUCT_NAME = "$(TARGET_NAME)";
				SWIFT_EMIT_LOC_STRINGS = YES;
				SWIFT_VERSION = 5.0;
				TARGETED_DEVICE_FAMILY = "1,2";
			};
			name = Debug;
		};
		3FBC86752AB6F30D00BC86A6 /* Release */ = {
			isa = XCBuildConfiguration;
			buildSettings = {
				ASSETCATALOG_COMPILER_APPICON_NAME = AppIcon;
				ASSETCATALOG_COMPILER_GLOBAL_ACCENT_COLOR_NAME = AccentColor;
				CODE_SIGN_STYLE = Automatic;
				CURRENT_PROJECT_VERSION = 1;
				DEVELOPMENT_TEAM = KT22AUQWMB;
				GENERATE_INFOPLIST_FILE = YES;
				INFOPLIST_FILE = weather/Info.plist;
				INFOPLIST_KEY_UIApplicationSupportsIndirectInputEvents = YES;
				INFOPLIST_KEY_UILaunchStoryboardName = LaunchScreen;
				INFOPLIST_KEY_UIMainStoryboardFile = Main;
				INFOPLIST_KEY_UISupportedInterfaceOrientations_iPad = "UIInterfaceOrientationPortrait UIInterfaceOrientationPortraitUpsideDown UIInterfaceOrientationLandscapeLeft UIInterfaceOrientationLandscapeRight";
				INFOPLIST_KEY_UISupportedInterfaceOrientations_iPhone = "UIInterfaceOrientationPortrait UIInterfaceOrientationLandscapeLeft UIInterfaceOrientationLandscapeRight";
				LD_RUNPATH_SEARCH_PATHS = (
					"$(inherited)",
					"@executable_path/Frameworks",
				);
				MARKETING_VERSION = 1.0;
				PRODUCT_BUNDLE_IDENTIFIER = "-23.weather";
				PRODUCT_NAME = "$(TARGET_NAME)";
				SWIFT_EMIT_LOC_STRINGS = YES;
				SWIFT_VERSION = 5.0;
				TARGETED_DEVICE_FAMILY = "1,2";
			};
			name = Release;
		};
		3FBC86772AB6F30D00BC86A6 /* Debug */ = {
			isa = XCBuildConfiguration;
			buildSettings = {
				ALWAYS_EMBED_SWIFT_STANDARD_LIBRARIES = YES;
				BUNDLE_LOADER = "$(TEST_HOST)";
				CODE_SIGN_STYLE = Automatic;
				CURRENT_PROJECT_VERSION = 1;
				DEVELOPMENT_TEAM = KT22AUQWMB;
				GENERATE_INFOPLIST_FILE = YES;
				IPHONEOS_DEPLOYMENT_TARGET = 16.2;
				MARKETING_VERSION = 1.0;
				PRODUCT_BUNDLE_IDENTIFIER = "-23.weatherTests";
				PRODUCT_NAME = "$(TARGET_NAME)";
				SWIFT_EMIT_LOC_STRINGS = NO;
				SWIFT_VERSION = 5.0;
				TARGETED_DEVICE_FAMILY = "1,2";
				TEST_HOST = "$(BUILT_PRODUCTS_DIR)/weather.app/$(BUNDLE_EXECUTABLE_FOLDER_PATH)/weather";
			};
			name = Debug;
		};
		3FBC86782AB6F30D00BC86A6 /* Release */ = {
			isa = XCBuildConfiguration;
			buildSettings = {
				ALWAYS_EMBED_SWIFT_STANDARD_LIBRARIES = YES;
				BUNDLE_LOADER = "$(TEST_HOST)";
				CODE_SIGN_STYLE = Automatic;
				CURRENT_PROJECT_VERSION = 1;
				DEVELOPMENT_TEAM = KT22AUQWMB;
				GENERATE_INFOPLIST_FILE = YES;
				IPHONEOS_DEPLOYMENT_TARGET = 16.2;
				MARKETING_VERSION = 1.0;
				PRODUCT_BUNDLE_IDENTIFIER = "-23.weatherTests";
				PRODUCT_NAME = "$(TARGET_NAME)";
				SWIFT_EMIT_LOC_STRINGS = NO;
				SWIFT_VERSION = 5.0;
				TARGETED_DEVICE_FAMILY = "1,2";
				TEST_HOST = "$(BUILT_PRODUCTS_DIR)/weather.app/$(BUNDLE_EXECUTABLE_FOLDER_PATH)/weather";
			};
			name = Release;
		};
		3FBC867A2AB6F30D00BC86A6 /* Debug */ = {
			isa = XCBuildConfiguration;
			buildSettings = {
				ALWAYS_EMBED_SWIFT_STANDARD_LIBRARIES = YES;
				CODE_SIGN_STYLE = Automatic;
				CURRENT_PROJECT_VERSION = 1;
				DEVELOPMENT_TEAM = KT22AUQWMB;
				GENERATE_INFOPLIST_FILE = YES;
				MARKETING_VERSION = 1.0;
				PRODUCT_BUNDLE_IDENTIFIER = "-23.weatherUITests";
				PRODUCT_NAME = "$(TARGET_NAME)";
				SWIFT_EMIT_LOC_STRINGS = NO;
				SWIFT_VERSION = 5.0;
				TARGETED_DEVICE_FAMILY = "1,2";
				TEST_TARGET_NAME = weather;
			};
			name = Debug;
		};
		3FBC867B2AB6F30D00BC86A6 /* Release */ = {
			isa = XCBuildConfiguration;
			buildSettings = {
				ALWAYS_EMBED_SWIFT_STANDARD_LIBRARIES = YES;
				CODE_SIGN_STYLE = Automatic;
				CURRENT_PROJECT_VERSION = 1;
				DEVELOPMENT_TEAM = KT22AUQWMB;
				GENERATE_INFOPLIST_FILE = YES;
				MARKETING_VERSION = 1.0;
				PRODUCT_BUNDLE_IDENTIFIER = "-23.weatherUITests";
				PRODUCT_NAME = "$(TARGET_NAME)";
				SWIFT_EMIT_LOC_STRINGS = NO;
				SWIFT_VERSION = 5.0;
				TARGETED_DEVICE_FAMILY = "1,2";
				TEST_TARGET_NAME = weather;
			};
			name = Release;
		};
/* End XCBuildConfiguration section */

/* Begin XCConfigurationList section */
		3FBC86442AB6F30C00BC86A6 /* Build configuration list for PBXProject "weather" */ = {
			isa = XCConfigurationList;
			buildConfigurations = (
				3FBC86712AB6F30D00BC86A6 /* Debug */,
				3FBC86722AB6F30D00BC86A6 /* Release */,
			);
			defaultConfigurationIsVisible = 0;
			defaultConfigurationName = Release;
		};
		3FBC86732AB6F30D00BC86A6 /* Build configuration list for PBXNativeTarget "weather" */ = {
			isa = XCConfigurationList;
			buildConfigurations = (
				3FBC86742AB6F30D00BC86A6 /* Debug */,
				3FBC86752AB6F30D00BC86A6 /* Release */,
			);
			defaultConfigurationIsVisible = 0;
			defaultConfigurationName = Release;
		};
		3FBC86762AB6F30D00BC86A6 /* Build configuration list for PBXNativeTarget "weatherTests" */ = {
			isa = XCConfigurationList;
			buildConfigurations = (
				3FBC86772AB6F30D00BC86A6 /* Debug */,
				3FBC86782AB6F30D00BC86A6 /* Release */,
			);
			defaultConfigurationIsVisible = 0;
			defaultConfigurationName = Release;
		};
		3FBC86792AB6F30D00BC86A6 /* Build configuration list for PBXNativeTarget "weatherUITests" */ = {
			isa = XCConfigurationList;
			buildConfigurations = (
				3FBC867A2AB6F30D00BC86A6 /* Debug */,
				3FBC867B2AB6F30D00BC86A6 /* Release */,
			);
			defaultConfigurationIsVisible = 0;
			defaultConfigurationName = Release;
		};
/* End XCConfigurationList section */
	};
	rootObject = 3FBC86412AB6F30C00BC86A6 /* Project object */;
}
